
Microsoft Visual Studio Solution File, Format Version 12.00
# Visual Studio Version 17
VisualStudioVersion = 17.3.32922.545
MinimumVisualStudioVersion = 10.0.40219.1
Project("{FAE04EC0-301F-11D3-BF4B-00C04F79EFBC}") = "5-1", "5-1.csproj", "{11D5566A-813A-4C0B-995D-50D673186239}"
EndProject
Global
	GlobalSection(SolutionConfigurationPlatforms) = preSolution
		Debug|Any CPU = Debug|Any CPU
		Release|Any CPU = Release|Any CPU
	EndGlobalSection
	GlobalSection(ProjectConfigurationPlatforms) = postSolution
		{11D5566A-813A-4C0B-995D-50D673186239}.Debug|Any CPU.ActiveCfg = Debug|Any CPU
		{11D5566A-813A-4C0B-995D-50D673186239}.Debug|Any CPU.Build.0 = Debug|Any CPU
		{11D5566A-813A-4C0B-995D-50D673186239}.Release|Any CPU.ActiveCfg = Release|Any CPU
		{11D5566A-813A-4C0B-995D-50D673186239}.Release|Any CPU.Build.0 = Release|Any CPU
	EndGlobalSection
	GlobalSection(SolutionProperties) = preSolution
		HideSolutionNode = FALSE
	EndGlobalSection
	GlobalSection(ExtensibilityGlobals) = postSolution
		SolutionGuid = {06E80553-9255-4857-9AE1-38EDF12EF6EC}
	EndGlobalSection
EndGlobal
